{
  "name": "vtu-reader",
  "version": "1.0.2",
  "lockfileVersion": 3,
  "requires": true,
  "packages": {
    "": {
      "name": "vtu-reader",
      "version": "1.0.2",
      "license": "ISC",
      "dependencies": {
        "@simzero/rom": "^1.1.0"
      }
    },
    "node_modules/@simzero/rom": {
      "version": "1.1.0",
      "resolved": "https://registry.npmjs.org/@simzero/rom/-/rom-1.1.0.tgz",
      "integrity": "sha512-H8MjDlG1NkI9EF0brjhgZftk396pE++7eoDgzBCNTiqedCUk545k+dtMc6CupbZjnPQkl71X+GI9yiA3UDL54A==",
      "license": "LGPL-3.0-only"
    }
  }
}
